// !$*UTF8*$!
{
	archiveVersion = 1;
	classes = {
	};
	objectVersion = 50;
	objects = {

/* Begin PBXBuildFile section */
		97E39CB021C8E2AF00958532 /* AppDelegate.swift in Sources */ = {isa = PBXBuildFile; fileRef = 97E39CAF21C8E2AF00958532 /* AppDelegate.swift */; };
		97E39CB221C8E2AF00958532 /* ViewController.swift in Sources */ = {isa = PBXBuildFile; fileRef = 97E39CB121C8E2AF00958532 /* ViewController.swift */; };
		97E39CB521C8E2AF00958532 /* Main.storyboard in Resources */ = {isa = PBXBuildFile; fileRef = 97E39CB321C8E2AF00958532 /* Main.storyboard */; };
		97E39CB721C8E2B000958532 /* Assets.xcassets in Resources */ = {isa = PBXBuildFile; fileRef = 97E39CB621C8E2B000958532 /* Assets.xcassets */; };
		97E39CBA21C8E2B000958532 /* LaunchScreen.storyboard in Resources */ = {isa = PBXBuildFile; fileRef = 97E39CB821C8E2B000958532 /* LaunchScreen.storyboard */; };
		97E39CC521C8E2B000958532 /* MLPracticesTests.swift in Sources */ = {isa = PBXBuildFile; fileRef = 97E39CC421C8E2B000958532 /* MLPracticesTests.swift */; };
		97E39CD021C8E2B000958532 /* MLPracticesUITests.swift in Sources */ = {isa = PBXBuildFile; fileRef = 97E39CCF21C8E2B000958532 /* MLPracticesUITests.swift */; };
/* End PBXBuildFile section */

/* Begin PBXContainerItemProxy section */
		97E39CC121C8E2B000958532 /* PBXContainerItemProxy */ = {
			isa = PBXContainerItemProxy;
			containerPortal = 97E39CA421C8E2AF00958532 /* Project object */;
			proxyType = 1;
			remoteGlobalIDString = 97E39CAB21C8E2AF00958532;
			remoteInfo = MLPractices;
		};
		97E39CCC21C8E2B000958532 /* PBXContainerItemProxy */ = {
			isa = PBXContainerItemProxy;
			containerPortal = 97E39CA421C8E2AF00958532 /* Project object */;
			proxyType = 1;
			remoteGlobalIDString = 97E39CAB21C8E2AF00958532;
			remoteInfo = MLPractices;
		};
/* End PBXContainerItemProxy section */

/* Begin PBXFileReference section */
		97E39CAC21C8E2AF00958532 /* MLPractices.app */ = {isa = PBXFileReference; explicitFileType = wrapper.application; includeInIndex = 0; path = MLPractices.app; sourceTree = BUILT_PRODUCTS_DIR; };
		97E39CAF21C8E2AF00958532 /* AppDelegate.swift */ = {isa = PBXFileReference; lastKnownFileType = sourcecode.swift; path = AppDelegate.swift; sourceTree = "<group>"; };
		97E39CB121C8E2AF00958532 /* ViewController.swift */ = {isa = PBXFileReference; lastKnownFileType = sourcecode.swift; path = ViewController.swift; sourceTree = "<group>"; };
		97E39CB421C8E2AF00958532 /* Base */ = {isa = PBXFileReference; lastKnownFileType = file.storyboard; name = Base; path = Base.lproj/Main.storyboard; sourceTree = "<group>"; };
		97E39CB621C8E2B000958532 /* Assets.xcassets */ = {isa = PBXFileReference; lastKnownFileType = folder.assetcatalog; path = Assets.xcassets; sourceTree = "<group>"; };
		97E39CB921C8E2B000958532 /* Base */ = {isa = PBXFileReference; lastKnownFileType = file.storyboard; name = Base; path = Base.lproj/LaunchScreen.storyboard; sourceTree = "<group>"; };
		97E39CBB21C8E2B000958532 /* Info.plist */ = {isa = PBXFileReference; lastKnownFileType = text.plist.xml; path = Info.plist; sourceTree = "<group>"; };
		97E39CC021C8E2B000958532 /* MLPracticesTests.xctest */ = {isa = PBXFileReference; explicitFileType = wrapper.cfbundle; includeInIndex = 0; path = MLPracticesTests.xctest; sourceTree = BUILT_PRODUCTS_DIR; };
		97E39CC421C8E2B000958532 /* MLPracticesTests.swift */ = {isa = PBXFileReference; lastKnownFileType = sourcecode.swift; path = MLPracticesTests.swift; sourceTree = "<group>"; };
		97E39CC621C8E2B000958532 /* Info.plist */ = {isa = PBXFileReference; lastKnownFileType = text.plist.xml; path = Info.plist; sourceTree = "<group>"; };
		97E39CCB21C8E2B000958532 /* MLPracticesUITests.xctest */ = {isa = PBXFileReference; explicitFileType = wrapper.cfbundle; includeInIndex = 0; path = MLPracticesUITests.xctest; sourceTree = BUILT_PRODUCTS_DIR; };
		97E39CCF21C8E2B000958532 /* MLPracticesUITests.swift */ = {isa = PBXFileReference; lastKnownFileType = sourcecode.swift; path = MLPracticesUITests.swift; sourceTree = "<group>"; };
		97E39CD121C8E2B000958532 /* Info.plist */ = {isa = PBXFileReference; lastKnownFileType = text.plist.xml; path = Info.plist; sourceTree = "<group>"; };
/* End PBXFileReference section */

/* Begin PBXFrameworksBuildPhase section */
		97E39CA921C8E2AF00958532 /* Frameworks */ = {
			isa = PBXFrameworksBuildPhase;
			buildActionMask = 2147483647;
			files = (
			);
			runOnlyForDeploymentPostprocessing = 0;
		};
		97E39CBD21C8E2B000958532 /* Frameworks */ = {
			isa = PBXFrameworksBuildPhase;
			buildActionMask = 2147483647;
			files = (
			);
			runOnlyForDeploymentPostprocessing = 0;
		};
		97E39CC821C8E2B000958532 /* Frameworks */ = {
			isa = PBXFrameworksBuildPhase;
			buildActionMask = 2147483647;
			files = (
			);
			runOnlyForDeploymentPostprocessing = 0;
		};
/* End PBXFrameworksBuildPhase section */

/* Begin PBXGroup section */
		97E39CA321C8E2AF00958532 = {
			isa = PBXGroup;
			children = (
				97E39CAE21C8E2AF00958532 /* MLPractices */,
				97E39CC321C8E2B000958532 /* MLPracticesTests */,
				97E39CCE21C8E2B000958532 /* MLPracticesUITests */,
				97E39CAD21C8E2AF00958532 /* Products */,
			);
			sourceTree = "<group>";
		};
		97E39CAD21C8E2AF00958532 /* Products */ = {
			isa = PBXGroup;
			children = (
				97E39CAC21C8E2AF00958532 /* MLPractices.app */,
				97E39CC021C8E2B000958532 /* MLPracticesTests.xctest */,
				97E39CCB21C8E2B000958532 /* MLPracticesUITests.xctest */,
			);
			name = Products;
			sourceTree = "<group>";
		};
		97E39CAE21C8E2AF00958532 /* MLPractices */ = {
			isa = PBXGroup;
			children = (
				97E39CAF21C8E2AF00958532 /* AppDelegate.swift */,
				97E39CB121C8E2AF00958532 /* ViewController.swift */,
				97E39CB321C8E2AF00958532 /* Main.storyboard */,
				97E39CB621C8E2B000958532 /* Assets.xcassets */,
				97E39CB821C8E2B000958532 /* LaunchScreen.storyboard */,
				97E39CBB21C8E2B000958532 /* Info.plist */,
			);
			path = MLPractices;
			sourceTree = "<group>";
		};
		97E39CC321C8E2B000958532 /* MLPracticesTests */ = {
			isa = PBXGroup;
			children = (
				97E39CC421C8E2B000958532 /* MLPracticesTests.swift */,
				97E39CC621C8E2B000958532 /* Info.plist */,
			);
			path = MLPracticesTests;
			sourceTree = "<group>";
		};
		97E39CCE21C8E2B000958532 /* MLPracticesUITests */ = {
			isa = PBXGroup;
			children = (
				97E39CCF21C8E2B000958532 /* MLPracticesUITests.swift */,
				97E39CD121C8E2B000958532 /* Info.plist */,
			);
			path = MLPracticesUITests;
			sourceTree = "<group>";
		};
/* End PBXGroup section */

/* Begin PBXNativeTarget section */
		97E39CAB21C8E2AF00958532 /* MLPractices */ = {
			isa = PBXNativeTarget;
			buildConfigurationList = 97E39CD421C8E2B000958532 /* Build configuration list for PBXNativeTarget "MLPractices" */;
			buildPhases = (
				97E39CA821C8E2AF00958532 /* Sources */,
				97E39CA921C8E2AF00958532 /* Frameworks */,
				97E39CAA21C8E2AF00958532 /* Resources */,
			);
			buildRules = (
			);
			dependencies = (
			);
			name = MLPractices;
			productName = MLPractices;
			productReference = 97E39CAC21C8E2AF00958532 /* MLPractices.app */;
			productType = "com.apple.product-type.application";
		};
		97E39CBF21C8E2B000958532 /* MLPracticesTests */ = {
			isa = PBXNativeTarget;
			buildConfigurationList = 97E39CD721C8E2B000958532 /* Build configuration list for PBXNativeTarget "MLPracticesTests" */;
			buildPhases = (
				97E39CBC21C8E2B000958532 /* Sources */,
				97E39CBD21C8E2B000958532 /* Frameworks */,
				97E39CBE21C8E2B000958532 /* Resources */,
			);
			buildRules = (
			);
			dependencies = (
				97E39CC221C8E2B000958532 /* PBXTargetDependency */,
			);
			name = MLPracticesTests;
			productName = MLPracticesTests;
			productReference = 97E39CC021C8E2B000958532 /* MLPracticesTests.xctest */;
			productType = "com.apple.product-type.bundle.unit-test";
		};
		97E39CCA21C8E2B000958532 /* MLPracticesUITests */ = {
			isa = PBXNativeTarget;
			buildConfigurationList = 97E39CDA21C8E2B000958532 /* Build configuration list for PBXNativeTarget "MLPracticesUITests" */;
			buildPhases = (
				97E39CC721C8E2B000958532 /* Sources */,
				97E39CC821C8E2B000958532 /* Frameworks */,
				97E39CC921C8E2B000958532 /* Resources */,
			);
			buildRules = (
			);
			dependencies = (
				97E39CCD21C8E2B000958532 /* PBXTargetDependency */,
			);
			name = MLPracticesUITests;
			productName = MLPracticesUITests;
			productReference = 97E39CCB21C8E2B000958532 /* MLPracticesUITests.xctest */;
			productType = "com.apple.product-type.bundle.ui-testing";
		};
/* End PBXNativeTarget section */

/* Begin PBXProject section */
		97E39CA421C8E2AF00958532 /* Project object */ = {
			isa = PBXProject;
			attributes = {
				LastSwiftUpdateCheck = 1000;
				LastUpgradeCheck = 1000;
				ORGANIZATIONNAME = Sherry.Bajwa;
				TargetAttributes = {
					97E39CAB21C8E2AF00958532 = {
						CreatedOnToolsVersion = 10.0;
					};
					97E39CBF21C8E2B000958532 = {
						CreatedOnToolsVersion = 10.0;
						TestTargetID = 97E39CAB21C8E2AF00958532;
					};
					97E39CCA21C8E2B000958532 = {
						CreatedOnToolsVersion = 10.0;
						TestTargetID = 97E39CAB21C8E2AF00958532;
					};
				};
			};
			buildConfigurationList = 97E39CA721C8E2AF00958532 /* Build configuration list for PBXProject "MLPractices" */;
			compatibilityVersion = "Xcode 9.3";
			developmentRegion = en;
			hasScannedForEncodings = 0;
			knownRegions = (
				en,
				Base,
			);
			mainGroup = 97E39CA321C8E2AF00958532;
			productRefGroup = 97E39CAD21C8E2AF00958532 /* Products */;
			projectDirPath = "";
			projectRoot = "";
			targets = (
				97E39CAB21C8E2AF00958532 /* MLPractices */,
				97E39CBF21C8E2B000958532 /* MLPracticesTests */,
				97E39CCA21C8E2B000958532 /* MLPracticesUITests */,
			);
		};
/* End PBXProject section */

/* Begin PBXResourcesBuildPhase section */
		97E39CAA21C8E2AF00958532 /* Resources */ = {
			isa = PBXResourcesBuildPhase;
			buildActionMask = 2147483647;
			files = (
				97E39CBA21C8E2B000958532 /* LaunchScreen.storyboard in Resources */,
				97E39CB721C8E2B000958532 /* Assets.xcassets in Resources */,
				97E39CB521C8E2AF00958532 /* Main.storyboard in Resources */,
			);
			runOnlyForDeploymentPostprocessing = 0;
		};
		97E39CBE21C8E2B000958532 /* Resources */ = {
			isa = PBXResourcesBuildPhase;
			buildActionMask = 2147483647;
			files = (
			);
			runOnlyForDeploymentPostprocessing = 0;
		};
		97E39CC921C8E2B000958532 /* Resources */ = {
			isa = PBXResourcesBuildPhase;
			buildActionMask = 2147483647;
			files = (
			);
			runOnlyForDeploymentPostprocessing = 0;
		};
/* End PBXResourcesBuildPhase section */

/* Begin PBXSourcesBuildPhase section */
		97E39CA821C8E2AF00958532 /* Sources */ = {
			isa = PBXSourcesBuildPhase;
			buildActionMask = 2147483647;
			files = (
				97E39CB221C8E2AF00958532 /* ViewController.swift in Sources */,
				97E39CB021C8E2AF00958532 /* AppDelegate.swift in Sources */,
			);
			runOnlyForDeploymentPostprocessing = 0;
		};
		97E39CBC21C8E2B000958532 /* Sources */ = {
			isa = PBXSourcesBuildPhase;
			buildActionMask = 2147483647;
			files = (
				97E39CC521C8E2B000958532 /* MLPracticesTests.swift in Sources */,
			);
			runOnlyForDeploymentPostprocessing = 0;
		};
		97E39CC721C8E2B000958532 /* Sources */ = {
			isa = PBXSourcesBuildPhase;
			buildActionMask = 2147483647;
			files = (
				97E39CD021C8E2B000958532 /* MLPracticesUITests.swift in Sources */,
			);
			runOnlyForDeploymentPostprocessing = 0;
		};
/* End PBXSourcesBuildPhase section */

/* Begin PBXTargetDependency section */
		97E39CC221C8E2B000958532 /* PBXTargetDependency */ = {
			isa = PBXTargetDependency;
			target = 97E39CAB21C8E2AF00958532 /* MLPractices */;
			targetProxy = 97E39CC121C8E2B000958532 /* PBXContainerItemProxy */;
		};
		97E39CCD21C8E2B000958532 /* PBXTargetDependency */ = {
			isa = PBXTargetDependency;
			target = 97E39CAB21C8E2AF00958532 /* MLPractices */;
			targetProxy = 97E39CCC21C8E2B000958532 /* PBXContainerItemProxy */;
		};
/* End PBXTargetDependency section */

/* Begin PBXVariantGroup section */
		97E39CB321C8E2AF00958532 /* Main.storyboard */ = {
			isa = PBXVariantGroup;
			children = (
				97E39CB421C8E2AF00958532 /* Base */,
			);
			name = Main.storyboard;
			sourceTree = "<group>";
		};
		97E39CB821C8E2B000958532 /* LaunchScreen.storyboard */ = {
			isa = PBXVariantGroup;
			children = (
				97E39CB921C8E2B000958532 /* Base */,
			);
			name = LaunchScreen.storyboard;
			sourceTree = "<group>";
		};
/* End PBXVariantGroup section */

/* Begin XCBuildConfiguration section */
		97E39CD221C8E2B000958532 /* Debug */ = {
			isa = XCBuildConfiguration;
			buildSettings = {
				ALWAYS_SEARCH_USER_PATHS = NO;
				CLANG_ANALYZER_NONNULL = YES;
				CLANG_ANALYZER_NUMBER_OBJECT_CONVERSION = YES_AGGRESSIVE;
				CLANG_CXX_LANGUAGE_STANDARD = "gnu++14";
				CLANG_CXX_LIBRARY = "libc++";
				CLANG_ENABLE_MODULES = YES;
				CLANG_ENABLE_OBJC_ARC = YES;
				CLANG_ENABLE_OBJC_WEAK = YES;
				CLANG_WARN_BLOCK_CAPTURE_AUTORELEASING = YES;
				CLANG_WARN_BOOL_CONVERSION = YES;
				CLANG_WARN_COMMA = YES;
				CLANG_WARN_CONSTANT_CONVERSION = YES;
				CLANG_WARN_DEPRECATED_OBJC_IMPLEMENTATIONS = YES;
				CLANG_WARN_DIRECT_OBJC_ISA_USAGE = YES_ERROR;
				CLANG_WARN_DOCUMENTATION_COMMENTS = YES;
				CLANG_WARN_EMPTY_BODY = YES;
				CLANG_WARN_ENUM_CONVERSION = YES;
				CLANG_WARN_INFINITE_RECURSION = YES;
				CLANG_WARN_INT_CONVERSION = YES;
				CLANG_WARN_NON_LITERAL_NULL_CONVERSION = YES;
				CLANG_WARN_OBJC_IMPLICIT_RETAIN_SELF = YES;
				CLANG_WARN_OBJC_LITERAL_CONVERSION = YES;
				CLANG_WARN_OBJC_ROOT_CLASS = YES_ERROR;
				CLANG_WARN_RANGE_LOOP_ANALYSIS = YES;
				CLANG_WARN_STRICT_PROTOTYPES = YES;
				CLANG_WARN_SUSPICIOUS_MOVE = YES;
				CLANG_WARN_UNGUARDED_AVAILABILITY = YES_AGGRESSIVE;
				CLANG_WARN_UNREACHABLE_CODE = YES;
				CLANG_WARN__DUPLICATE_METHOD_MATCH = YES;
				CODE_SIGN_IDENTITY = "iPhone Developer";
				COPY_PHASE_STRIP = NO;
				DEBUG_INFORMATION_FORMAT = dwarf;
				ENABLE_STRICT_OBJC_MSGSEND = YES;
				ENABLE_TESTABILITY = YES;
				GCC_C_LANGUAGE_STANDARD = gnu11;
				GCC_DYNAMIC_NO_PIC = NO;
				GCC_NO_COMMON_BLOCKS = YES;
				GCC_OPTIMIZATION_LEVEL = 0;
				GCC_PREPROCESSOR_DEFINITIONS = (
					"DEBUG=1",
					"$(inherited)",
				);
				GCC_WARN_64_TO_32_BIT_CONVERSION = YES;
				GCC_WARN_ABOUT_RETURN_TYPE = YES_ERROR;
				GCC_WARN_UNDECLARED_SELECTOR = YES;
				GCC_WARN_UNINITIALIZED_AUTOS = YES_AGGRESSIVE;
				GCC_WARN_UNUSED_FUNCTION = YES;
				GCC_WARN_UNUSED_VARIABLE = YES;
				IPHONEOS_DEPLOYMENT_TARGET = 12.0;
				MTL_ENABLE_DEBUG_INFO = INCLUDE_SOURCE;
				MTL_FAST_MATH = YES;
				ONLY_ACTIVE_ARCH = YES;
				SDKROOT = iphoneos;
				SWIFT_ACTIVE_COMPILATION_CONDITIONS = DEBUG;
				SWIFT_OPTIMIZATION_LEVEL = "-Onone";
			};
			name = Debug;
		};
		97E39CD321C8E2B000958532 /* Release */ = {
			isa = XCBuildConfiguration;
			buildSettings = {
				ALWAYS_SEARCH_USER_PATHS = NO;
				CLANG_ANALYZER_NONNULL = YES;
				CLANG_ANALYZER_NUMBER_OBJECT_CONVERSION = YES_AGGRESSIVE;
				CLANG_CXX_LANGUAGE_STANDARD = "gnu++14";
				CLANG_CXX_LIBRARY = "libc++";
				CLANG_ENABLE_MODULES = YES;
				CLANG_ENABLE_OBJC_ARC = YES;
				CLANG_ENABLE_OBJC_WEAK = YES;
				CLANG_WARN_BLOCK_CAPTURE_AUTORELEASING = YES;
				CLANG_WARN_BOOL_CONVERSION = YES;
				CLANG_WARN_COMMA = YES;
				CLANG_WARN_CONSTANT_CONVERSION = YES;
				CLANG_WARN_DEPRECATED_OBJC_IMPLEMENTATIONS = YES;
				CLANG_WARN_DIRECT_OBJC_ISA_USAGE = YES_ERROR;
				CLANG_WARN_DOCUMENTATION_COMMENTS = YES;
				CLANG_WARN_EMPTY_BODY = YES;
				CLANG_WARN_ENUM_CONVERSION = YES;
				CLANG_WARN_INFINITE_RECURSION = YES;
				CLANG_WARN_INT_CONVERSION = YES;
				CLANG_WARN_NON_LITERAL_NULL_CONVERSION = YES;
				CLANG_WARN_OBJC_IMPLICIT_RETAIN_SELF = YES;
				CLANG_WARN_OBJC_LITERAL_CONVERSION = YES;
				CLANG_WARN_OBJC_ROOT_CLASS = YES_ERROR;
				CLANG_WARN_RANGE_LOOP_ANALYSIS = YES;
				CLANG_WARN_STRICT_PROTOTYPES = YES;
				CLANG_WARN_SUSPICIOUS_MOVE = YES;
				CLANG_WARN_UNGUARDED_AVAILABILITY = YES_AGGRESSIVE;
				CLANG_WARN_UNREACHABLE_CODE = YES;
				CLANG_WARN__DUPLICATE_METHOD_MATCH = YES;
				CODE_SIGN_IDENTITY = "iPhone Developer";
				COPY_PHASE_STRIP = NO;
				DEBUG_INFORMATION_FORMAT = "dwarf-with-dsym";
				ENABLE_NS_ASSERTIONS = NO;
				ENABLE_STRICT_OBJC_MSGSEND = YES;
				GCC_C_LANGUAGE_STANDARD = gnu11;
				GCC_NO_COMMON_BLOCKS = YES;
				GCC_WARN_64_TO_32_BIT_CONVERSION = YES;
				GCC_WARN_ABOUT_RETURN_TYPE = YES_ERROR;
				GCC_WARN_UNDECLARED_SELECTOR = YES;
				GCC_WARN_UNINITIALIZED_AUTOS = YES_AGGRESSIVE;
				GCC_WARN_UNUSED_FUNCTION = YES;
				GCC_WARN_UNUSED_VARIABLE = YES;
				IPHONEOS_DEPLOYMENT_TARGET = 12.0;
				MTL_ENABLE_DEBUG_INFO = NO;
				MTL_FAST_MATH = YES;
				SDKROOT = iphoneos;
				SWIFT_COMPILATION_MODE = wholemodule;
				SWIFT_OPTIMIZATION_LEVEL = "-O";
				VALIDATE_PRODUCT = YES;
			};
			name = Release;
		};
		97E39CD521C8E2B000958532 /* Debug */ = {
			isa = XCBuildConfiguration;
			buildSettings = {
				ASSETCATALOG_COMPILER_APPICON_NAME = AppIcon;
				CODE_SIGN_STYLE = Automatic;
				INFOPLIST_FILE = MLPractices/Info.plist;
				LD_RUNPATH_SEARCH_PATHS = (
					"$(inherited)",
					"@executable_path/Frameworks",
				);
				PRODUCT_BUNDLE_IDENTIFIER = sherry.MLPractices;
				PRODUCT_NAME = "$(TARGET_NAME)";
				SWIFT_VERSION = 4.2;
				TARGETED_DEVICE_FAMILY = "1,2";
			};
			name = Debug;
		};
		97E39CD621C8E2B000958532 /* Release */ = {
			isa = XCBuildConfiguration;
			buildSettings = {
				ASSETCATALOG_COMPILER_APPICON_NAME = AppIcon;
				CODE_SIGN_STYLE = Automatic;
				INFOPLIST_FILE = MLPractices/Info.plist;
				LD_RUNPATH_SEARCH_PATHS = (
					"$(inherited)",
					"@executable_path/Frameworks",
				);
				PRODUCT_BUNDLE_IDENTIFIER = sherry.MLPractices;
				PRODUCT_NAME = "$(TARGET_NAME)";
				SWIFT_VERSION = 4.2;
				TARGETED_DEVICE_FAMILY = "1,2";
			};
			name = Release;
		};
		97E39CD821C8E2B000958532 /* Debug */ = {
			isa = XCBuildConfiguration;
			buildSettings = {
				ALWAYS_EMBED_SWIFT_STANDARD_LIBRARIES = YES;
				BUNDLE_LOADER = "$(TEST_HOST)";
				CODE_SIGN_STYLE = Automatic;
				INFOPLIST_FILE = MLPracticesTests/Info.plist;
				LD_RUNPATH_SEARCH_PATHS = (
					"$(inherited)",
					"@executable_path/Frameworks",
					"@loader_path/Frameworks",
				);
				PRODUCT_BUNDLE_IDENTIFIER = sherry.MLPracticesTests;
				PRODUCT_NAME = "$(TARGET_NAME)";
				SWIFT_VERSION = 4.2;
				TARGETED_DEVICE_FAMILY = "1,2";
				TEST_HOST = "$(BUILT_PRODUCTS_DIR)/MLPractices.app/MLPractices";
			};
			name = Debug;
		};
		97E39CD921C8E2B000958532 /* Release */ = {
			isa = XCBuildConfiguration;
			buildSettings = {
				ALWAYS_EMBED_SWIFT_STANDARD_LIBRARIES = YES;
				BUNDLE_LOADER = "$(TEST_HOST)";
				CODE_SIGN_STYLE = Automatic;
				INFOPLIST_FILE = MLPracticesTests/Info.plist;
				LD_RUNPATH_SEARCH_PATHS = (
					"$(inherited)",
					"@executable_path/Frameworks",
					"@loader_path/Frameworks",
				);
				PRODUCT_BUNDLE_IDENTIFIER = sherry.MLPracticesTests;
				PRODUCT_NAME = "$(TARGET_NAME)";
				SWIFT_VERSION = 4.2;
				TARGETED_DEVICE_FAMILY = "1,2";
				TEST_HOST = "$(BUILT_PRODUCTS_DIR)/MLPractices.app/MLPractices";
			};
			name = Release;
		};
		97E39CDB21C8E2B000958532 /* Debug */ = {
			isa = XCBuildConfiguration;
			buildSettings = {
				ALWAYS_EMBED_SWIFT_STANDARD_LIBRARIES = YES;
				CODE_SIGN_STYLE = Automatic;
				INFOPLIST_FILE = MLPracticesUITests/Info.plist;
				LD_RUNPATH_SEARCH_PATHS = (
					"$(inherited)",
					"@executable_path/Frameworks",
					"@loader_path/Frameworks",
				);
				PRODUCT_BUNDLE_IDENTIFIER = sherry.MLPracticesUITests;
				PRODUCT_NAME = "$(TARGET_NAME)";
				SWIFT_VERSION = 4.2;
				TARGETED_DEVICE_FAMILY = "1,2";
				TEST_TARGET_NAME = MLPractices;
			};
			name = Debug;
		};
		97E39CDC21C8E2B000958532 /* Release */ = {
			isa = XCBuildConfiguration;
			buildSettings = {
				ALWAYS_EMBED_SWIFT_STANDARD_LIBRARIES = YES;
				CODE_SIGN_STYLE = Automatic;
				INFOPLIST_FILE = MLPracticesUITests/Info.plist;
				LD_RUNPATH_SEARCH_PATHS = (
					"$(inherited)",
					"@executable_path/Frameworks",
					"@loader_path/Frameworks",
				);
				PRODUCT_BUNDLE_IDENTIFIER = sherry.MLPracticesUITests;
				PRODUCT_NAME = "$(TARGET_NAME)";
				SWIFT_VERSION = 4.2;
				TARGETED_DEVICE_FAMILY = "1,2";
				TEST_TARGET_NAME = MLPractices;
			};
			name = Release;
		};
/* End XCBuildConfiguration section */

/* Begin XCConfigurationList section */
		97E39CA721C8E2AF00958532 /* Build configuration list for PBXProject "MLPractices" */ = {
			isa = XCConfigurationList;
			buildConfigurations = (
				97E39CD221C8E2B000958532 /* Debug */,
				97E39CD321C8E2B000958532 /* Release */,
			);
			defaultConfigurationIsVisible = 0;
			defaultConfigurationName = Release;
		};
		97E39CD421C8E2B000958532 /* Build configuration list for PBXNativeTarget "MLPractices" */ = {
			isa = XCConfigurationList;
			buildConfigurations = (
				97E39CD521C8E2B000958532 /* Debug */,
				97E39CD621C8E2B000958532 /* Release */,
			);
			defaultConfigurationIsVisible = 0;
			defaultConfigurationName = Release;
		};
		97E39CD721C8E2B000958532 /* Build configuration list for PBXNativeTarget "MLPracticesTests" */ = {
			isa = XCConfigurationList;
			buildConfigurations = (
				97E39CD821C8E2B000958532 /* Debug */,
				97E39CD921C8E2B000958532 /* Release */,
			);
			defaultConfigurationIsVisible = 0;
			defaultConfigurationName = Release;
		};
		97E39CDA21C8E2B000958532 /* Build configuration list for PBXNativeTarget "MLPracticesUITests" */ = {
			isa = XCConfigurationList;
			buildConfigurations = (
				97E39CDB21C8E2B000958532 /* Debug */,
				97E39CDC21C8E2B000958532 /* Release */,
			);
			defaultConfigurationIsVisible = 0;
			defaultConfigurationName = Release;
		};
/* End XCConfigurationList section */
	};
	rootObject = 97E39CA421C8E2AF00958532 /* Project object */;
}
